
Microsoft Visual Studio Solution File, Format Version 12.00
# Visual Studio Version 16
VisualStudioVersion = 16.0.29613.14
MinimumVisualStudioVersion = 10.0.40219.1
Project("{FAE04EC0-301F-11D3-BF4B-00C04F79EFBC}") = "BCPGUI", "BCPGUI\BCPGUI.csproj", "{B84D138F-0F5B-4D3E-B28D-773098C543F6}"
EndProject
Global
	GlobalSection(SolutionConfigurationPlatforms) = preSolution
		Debug|Any CPU = Debug|Any CPU
		Release|Any CPU = Release|Any CPU
	EndGlobalSection
	GlobalSection(ProjectConfigurationPlatforms) = postSolution
		{B84D138F-0F5B-4D3E-B28D-773098C543F6}.Debug|Any CPU.ActiveCfg = Debug|Any CPU
		{B84D138F-0F5B-4D3E-B28D-773098C543F6}.Debug|Any CPU.Build.0 = Debug|Any CPU
		{B84D138F-0F5B-4D3E-B28D-773098C543F6}.Release|Any CPU.ActiveCfg = Release|Any CPU
		{B84D138F-0F5B-4D3E-B28D-773098C543F6}.Release|Any CPU.Build.0 = Release|Any CPU
	EndGlobalSection
	GlobalSection(SolutionProperties) = preSolution
		HideSolutionNode = FALSE
	EndGlobalSection
	GlobalSection(ExtensibilityGlobals) = postSolution
		SolutionGuid = {08F7BDED-CD18-4BCD-83D8-ED82FD12792B}
	EndGlobalSection
EndGlobal
